<?xml version="1.0" encoding="utf-8"?>
<Project ToolsVersion="4.0" xmlns="http://schemas.microsoft.com/developer/msbuild/2003">
  <ItemGroup>
    <Filter Include="Source Files">
      <UniqueIdentifier>{4FC737F1-C7A5-4376-A066-2A32D752A2FF}</UniqueIdentifier>
      <Extensions>cpp;c;cc;cxx;def;odl;idl;hpj;bat;asm;asmx</Extensions>
    </Filter>
    <Filter Include="Header Files">
      <UniqueIdentifier>{93995380-89BD-4b04-88EB-625FBE52EBFB}</UniqueIdentifier>
      <Extensions>h;hh;hpp;hxx;hm;inl;inc;xsd</Extensions>
    </Filter>
    <Filter Include="Resource Files">
      <UniqueIdentifier>{67DA6AB6-F800-4c08-8B7A-83BB121AAD01}</UniqueIdentifier>
      <Extensions>rc;ico;cur;bmp;dlg;rc2;rct;bin;rgs;gif;jpg;jpeg;jpe;resx;tiff;tif;png;wav;mfcribbon-ms</Extensions>
    </Filter>
    <Filter Include="Header Files\System">
      <UniqueIdentifier>{57f2a693-da76-4c10-b90c-fee61c92bde9}</UniqueIdentifier>
    </Filter>
    <Filter Include="Header Files\Maths">
      <UniqueIdentifier>{7926f36d-cfc9-4189-95ec-d69bf0db2347}</UniqueIdentifier>
    </Filter>
    <Filter Include="Header Files\Common">
      <UniqueIdentifier>{5a6cee64-e6fc-4355-9982-3632060c15d8}</UniqueIdentifier>
    </Filter>
    <Filter Include="Header Files\Bodies">
      <UniqueIdentifier>{0966b25b-4aff-4c6f-b1e1-12822953dd20}</UniqueIdentifier>
    </Filter>
    <Filter Include="Header Files\TaskSchedulers">
      <UniqueIdentifier>{960a794b-c78d-4274-a857-6a9ba4293c57}</UniqueIdentifier>
    </Filter>
    <Filter Include="Header Files\Threading">
      <UniqueIdentifier>{9ff12ad2-8d48-448d-ba8f-a5a4d2a68fc2}</UniqueIdentifier>
    </Filter>
  </ItemGroup>
  <ItemGroup>
    <ClCompile Include="main.cpp">
      <Filter>Source Files</Filter>
    </ClCompile>
  </ItemGroup>
  <ItemGroup>
    <ClInclude Include="System\Util.h">
      <Filter>Header Files\System</Filter>
    </ClInclude>
    <ClInclude Include="Maths\Vector2.h">
      <Filter>Header Files\Maths</Filter>
    </ClInclude>
    <ClInclude Include="Common\Common.h">
      <Filter>Header Files\Common</Filter>
    </ClInclude>
    <ClInclude Include="Bodies\Particle.h">
      <Filter>Header Files\Bodies</Filter>
    </ClInclude>
    <ClInclude Include="System\PropertiesList.h">
      <Filter>Header Files\System</Filter>
    </ClInclude>
    <ClInclude Include="Scheduler\TaskScheduler.h">
      <Filter>Header Files\TaskSchedulers</Filter>
    </ClInclude>
    <ClInclude Include="Threading\TaskConsumer.h">
      <Filter>Header Files\Threading</Filter>
    </ClInclude>
    <ClInclude Include="System\Application.h">
      <Filter>Header Files\System</Filter>
    </ClInclude>
  </ItemGroup>
</Project>